
Microsoft Visual Studio Solution File, Format Version 12.00
# Visual Studio Version 17
VisualStudioVersion = 17.2.32519.379
MinimumVisualStudioVersion = 10.0.40219.1
Project("{FAE04EC0-301F-11D3-BF4B-00C04F79EFBC}") = "JwtWebApi", "JwtWebApi\JwtWebApi.csproj", "{2BE006A0-7A1C-4879-959E-48EE26D92179}"
EndProject
Global
	GlobalSection(SolutionConfigurationPlatforms) = preSolution
		Debug|Any CPU = Debug|Any CPU
		Release|Any CPU = Release|Any CPU
	EndGlobalSection
	GlobalSection(ProjectConfigurationPlatforms) = postSolution
		{2BE006A0-7A1C-4879-959E-48EE26D92179}.Debug|Any CPU.ActiveCfg = Debug|Any CPU
		{2BE006A0-7A1C-4879-959E-48EE26D92179}.Debug|Any CPU.Build.0 = Debug|Any CPU
		{2BE006A0-7A1C-4879-959E-48EE26D92179}.Release|Any CPU.ActiveCfg = Release|Any CPU
		{2BE006A0-7A1C-4879-959E-48EE26D92179}.Release|Any CPU.Build.0 = Release|Any CPU
	EndGlobalSection
	GlobalSection(SolutionProperties) = preSolution
		HideSolutionNode = FALSE
	EndGlobalSection
	GlobalSection(ExtensibilityGlobals) = postSolution
		SolutionGuid = {372F1C51-97E5-4DA7-AEA2-DD23924CD2FD}
	EndGlobalSection
EndGlobal
